# THIS IS AN AUTOGENERATED FILE. DO NOT EDIT THIS FILE DIRECTLY.
# yarn lockfile v1


cut-optimizer@^0.0.2:
  version "0.0.2"
  resolved "https://registry.yarnpkg.com/cut-optimizer/-/cut-optimizer-0.0.2.tgz#0466a0c07ed613fe32ed0273c4831b3efe03ebd0"
  integrity sha512-ADdBU8FthkwQJz1cXO4Oq7hqmASytj0H3XA+2hgMkSKeOFisUoYrQJWv96uChwvDlSQh7yOwWCkUkP/koS8nXA==
